
Microsoft Visual Studio Solution File, Format Version 12.00
# Visual Studio Version 17
VisualStudioVersion = 17.9.34728.123
MinimumVisualStudioVersion = 10.0.40219.1
Project("{FAE04EC0-301F-11D3-BF4B-00C04F79EFBC}") = "Night-Launcher", "Night-Launcher\Night-Launcher.csproj", "{022FF2EB-D24D-47EB-AB13-D98DA7C41848}"
EndProject
Global
	GlobalSection(SolutionConfigurationPlatforms) = preSolution
		Debug|Any CPU = Debug|Any CPU
		Release|Any CPU = Release|Any CPU
	EndGlobalSection
	GlobalSection(ProjectConfigurationPlatforms) = postSolution
		{022FF2EB-D24D-47EB-AB13-D98DA7C41848}.Debug|Any CPU.ActiveCfg = Debug|Any CPU
		{022FF2EB-D24D-47EB-AB13-D98DA7C41848}.Debug|Any CPU.Build.0 = Debug|Any CPU
		{022FF2EB-D24D-47EB-AB13-D98DA7C41848}.Release|Any CPU.ActiveCfg = Release|Any CPU
		{022FF2EB-D24D-47EB-AB13-D98DA7C41848}.Release|Any CPU.Build.0 = Release|Any CPU
	EndGlobalSection
	GlobalSection(SolutionProperties) = preSolution
		HideSolutionNode = FALSE
	EndGlobalSection
	GlobalSection(ExtensibilityGlobals) = postSolution
		SolutionGuid = {A1A536EE-B4B3-458E-B0D1-73C8AA9A0523}
	EndGlobalSection
EndGlobal
